# This file is @generated by PDM.
# It is not intended for manual editing.

[metadata]
groups = ["default"]
strategy = ["inherit_metadata"]
lock_version = "4.5.0"
content_hash = "sha256:7bdbd09fe470ff8f64db878bd2fd1829e028d4d72668e6a41ce65fda206baa9b"

[[metadata.targets]]
requires_python = "==3.11.*"

[[package]]
name = "laspy"
version = "2.5.4"
requires_python = ">=3.8"
summary = "Native Python ASPRS LAS read/write library"
groups = ["default"]
dependencies = [
    "numpy",
]
files = [
    {file = "laspy-2.5.4-py3-none-any.whl", hash = "sha256:5fc37a8a1a5e22c98bad4123281b55e5e41784943ca251828d72c932b167583e"},
    {file = "laspy-2.5.4.tar.gz", hash = "sha256:eebdbf3379afbc0b24e7e4812fac567bff880d1e851f70175d22375aaecdf7e1"},
]

[[package]]
name = "laspy"
version = "2.5.4"
extras = ["lazrs"]
requires_python = ">=3.8"
summary = "Native Python ASPRS LAS read/write library"
groups = ["default"]
dependencies = [
    "laspy==2.5.4",
    "lazrs<0.7.0,>=0.6.0",
]
files = [
    {file = "laspy-2.5.4-py3-none-any.whl", hash = "sha256:5fc37a8a1a5e22c98bad4123281b55e5e41784943ca251828d72c932b167583e"},
    {file = "laspy-2.5.4.tar.gz", hash = "sha256:eebdbf3379afbc0b24e7e4812fac567bff880d1e851f70175d22375aaecdf7e1"},
]

[[package]]
name = "lazrs"
version = "0.6.3"
summary = "Python bindings for laz-rs"
groups = ["default"]
files = [
    {file = "lazrs-0.6.3-cp311-cp311-macosx_10_12_x86_64.whl", hash = "sha256:8b2446ae08b80983476252fa614fbfdba5bb4cb87eb990432c4808134c0e331c"},
    {file = "lazrs-0.6.3-cp311-cp311-macosx_11_0_arm64.whl", hash = "sha256:cd92868b8d0e56cab1fb47d7b7106acef3d17e173b5a4673aced2956b0a6b83d"},
    {file = "lazrs-0.6.3-cp311-cp311-manylinux_2_17_aarch64.manylinux2014_aarch64.whl", hash = "sha256:50096eabb161cde0451d715b552b6161dab49abd672f5681595e6f4ab36e3fcc"},
    {file = "lazrs-0.6.3-cp311-cp311-manylinux_2_17_x86_64.manylinux2014_x86_64.whl", hash = "sha256:13e50b8c7ac07ede6a3aa6684df76b6639554d5ef28b2717144d2444d63c203b"},
    {file = "lazrs-0.6.3-cp311-cp311-win32.whl", hash = "sha256:460538ed9e6fde4691d0e3bd8c2d6cba9034be6da3369d1c638ab17e2ae44b3b"},
    {file = "lazrs-0.6.3-cp311-cp311-win_amd64.whl", hash = "sha256:b76450ecf6784bfdf4c027e64abfdbd97b0bae0a48ed00859275d2283760a12b"},
    {file = "lazrs-0.6.3.tar.gz", hash = "sha256:ccdb0fcde74e6c6377badbd895a5ee5d2bb23c3c3d04c45486033c12ae1685e3"},
]

[[package]]
name = "numpy"
version = "2.2.5"
requires_python = ">=3.10"
summary = "Fundamental package for array computing in Python"
groups = ["default"]
files = [
    {file = "numpy-2.2.5-cp311-cp311-macosx_10_9_x86_64.whl", hash = "sha256:c42365005c7a6c42436a54d28c43fe0e01ca11eb2ac3cefe796c25a5f98e5e9b"},
    {file = "numpy-2.2.5-cp311-cp311-macosx_11_0_arm64.whl", hash = "sha256:498815b96f67dc347e03b719ef49c772589fb74b8ee9ea2c37feae915ad6ebda"},
    {file = "numpy-2.2.5-cp311-cp311-macosx_14_0_arm64.whl", hash = "sha256:6411f744f7f20081b1b4e7112e0f4c9c5b08f94b9f086e6f0adf3645f85d3a4d"},
    {file = "numpy-2.2.5-cp311-cp311-macosx_14_0_x86_64.whl", hash = "sha256:9de6832228f617c9ef45d948ec1cd8949c482238d68b2477e6f642c33a7b0a54"},
    {file = "numpy-2.2.5-cp311-cp311-manylinux_2_17_aarch64.manylinux2014_aarch64.whl", hash = "sha256:369e0d4647c17c9363244f3468f2227d557a74b6781cb62ce57cf3ef5cc7c610"},
    {file = "numpy-2.2.5-cp311-cp311-manylinux_2_17_x86_64.manylinux2014_x86_64.whl", hash = "sha256:262d23f383170f99cd9191a7c85b9a50970fe9069b2f8ab5d786eca8a675d60b"},
    {file = "numpy-2.2.5-cp311-cp311-musllinux_1_2_aarch64.whl", hash = "sha256:aa70fdbdc3b169d69e8c59e65c07a1c9351ceb438e627f0fdcd471015cd956be"},
    {file = "numpy-2.2.5-cp311-cp311-musllinux_1_2_x86_64.whl", hash = "sha256:37e32e985f03c06206582a7323ef926b4e78bdaa6915095ef08070471865b906"},
    {file = "numpy-2.2.5-cp311-cp311-win32.whl", hash = "sha256:f5045039100ed58fa817a6227a356240ea1b9a1bc141018864c306c1a16d4175"},
    {file = "numpy-2.2.5-cp311-cp311-win_amd64.whl", hash = "sha256:b13f04968b46ad705f7c8a80122a42ae8f620536ea38cf4bdd374302926424dd"},
    {file = "numpy-2.2.5.tar.gz", hash = "sha256:a9c0d994680cd991b1cb772e8b297340085466a6fe964bc9d4e80f5e2f43c291"},
]
